// !$*UTF8*$!
{
	archiveVersion = 1;
	classes = {
	};
	objectVersion = 55;
	objects = {

/* Begin PBXBuildFile section */
		C5769D2027F9B74A0085C12E /* LaunchScreen.storyboard in Resources */ = {isa = PBXBuildFile; fileRef = C5769D1F27F9B74A0085C12E /* LaunchScreen.storyboard */; };
		C5769D2527F9CC160085C12E /* HoneymoonModel.swift in Sources */ = {isa = PBXBuildFile; fileRef = C5769D2427F9CC160085C12E /* HoneymoonModel.swift */; };
		C5769D2827F9CC5B0085C12E /* HoneymoonData.swift in Sources */ = {isa = PBXBuildFile; fileRef = C5769D2727F9CC5B0085C12E /* HoneymoonData.swift */; };
		C5769D2B27F9CCCE0085C12E /* CardView.swift in Sources */ = {isa = PBXBuildFile; fileRef = C5769D2A27F9CCCE0085C12E /* CardView.swift */; };
		C5769D2D27F9CFBA0085C12E /* HeaderView.swift in Sources */ = {isa = PBXBuildFile; fileRef = C5769D2C27F9CFB90085C12E /* HeaderView.swift */; };
		C5769D2F27F9D1690085C12E /* FooterView.swift in Sources */ = {isa = PBXBuildFile; fileRef = C5769D2E27F9D1690085C12E /* FooterView.swift */; };
		C5769D3127F9D2E70085C12E /* Sounds in Resources */ = {isa = PBXBuildFile; fileRef = C5769D3027F9D2E70085C12E /* Sounds */; };
		C5769D3427F9D31C0085C12E /* HeaderComponent.swift in Sources */ = {isa = PBXBuildFile; fileRef = C5769D3327F9D31C0085C12E /* HeaderComponent.swift */; };
		C5769D3627F9D3F10085C12E /* GuideComponent.swift in Sources */ = {isa = PBXBuildFile; fileRef = C5769D3527F9D3F10085C12E /* GuideComponent.swift */; };
		C5769D3827F9D6670085C12E /* GuideView.swift in Sources */ = {isa = PBXBuildFile; fileRef = C5769D3727F9D6670085C12E /* GuideView.swift */; };
		C587E44627F9AF1B002FD303 /* HoneymoonApp.swift in Sources */ = {isa = PBXBuildFile; fileRef = C587E44527F9AF1B002FD303 /* HoneymoonApp.swift */; };
		C587E44827F9AF1B002FD303 /* ContentView.swift in Sources */ = {isa = PBXBuildFile; fileRef = C587E44727F9AF1B002FD303 /* ContentView.swift */; };
		C587E44A27F9AF1D002FD303 /* Assets.xcassets in Resources */ = {isa = PBXBuildFile; fileRef = C587E44927F9AF1D002FD303 /* Assets.xcassets */; };
		C587E44D27F9AF1D002FD303 /* Preview Assets.xcassets in Resources */ = {isa = PBXBuildFile; fileRef = C587E44C27F9AF1D002FD303 /* Preview Assets.xcassets */; };
/* End PBXBuildFile section */

/* Begin PBXFileReference section */
		C5769D1F27F9B74A0085C12E /* LaunchScreen.storyboard */ = {isa = PBXFileReference; lastKnownFileType = file.storyboard; path = LaunchScreen.storyboard; sourceTree = "<group>"; };
		C5769D2427F9CC160085C12E /* HoneymoonModel.swift */ = {isa = PBXFileReference; lastKnownFileType = sourcecode.swift; path = HoneymoonModel.swift; sourceTree = "<group>"; };
		C5769D2727F9CC5B0085C12E /* HoneymoonData.swift */ = {isa = PBXFileReference; lastKnownFileType = sourcecode.swift; path = HoneymoonData.swift; sourceTree = "<group>"; };
		C5769D2A27F9CCCE0085C12E /* CardView.swift */ = {isa = PBXFileReference; lastKnownFileType = sourcecode.swift; path = CardView.swift; sourceTree = "<group>"; };
		C5769D2C27F9CFB90085C12E /* HeaderView.swift */ = {isa = PBXFileReference; lastKnownFileType = sourcecode.swift; path = HeaderView.swift; sourceTree = "<group>"; };
		C5769D2E27F9D1690085C12E /* FooterView.swift */ = {isa = PBXFileReference; lastKnownFileType = sourcecode.swift; path = FooterView.swift; sourceTree = "<group>"; };
		C5769D3027F9D2E70085C12E /* Sounds */ = {isa = PBXFileReference; lastKnownFileType = folder; path = Sounds; sourceTree = "<group>"; };
		C5769D3327F9D31C0085C12E /* HeaderComponent.swift */ = {isa = PBXFileReference; lastKnownFileType = sourcecode.swift; path = HeaderComponent.swift; sourceTree = "<group>"; };
		C5769D3527F9D3F10085C12E /* GuideComponent.swift */ = {isa = PBXFileReference; lastKnownFileType = sourcecode.swift; path = GuideComponent.swift; sourceTree = "<group>"; };
		C5769D3727F9D6670085C12E /* GuideView.swift */ = {isa = PBXFileReference; lastKnownFileType = sourcecode.swift; path = GuideView.swift; sourceTree = "<group>"; };
		C587E44227F9AF1B002FD303 /* Honeymoon.app */ = {isa = PBXFileReference; explicitFileType = wrapper.application; includeInIndex = 0; path = Honeymoon.app; sourceTree = BUILT_PRODUCTS_DIR; };
		C587E44527F9AF1B002FD303 /* HoneymoonApp.swift */ = {isa = PBXFileReference; lastKnownFileType = sourcecode.swift; path = HoneymoonApp.swift; sourceTree = "<group>"; };
		C587E44727F9AF1B002FD303 /* ContentView.swift */ = {isa = PBXFileReference; lastKnownFileType = sourcecode.swift; path = ContentView.swift; sourceTree = "<group>"; };
		C587E44927F9AF1D002FD303 /* Assets.xcassets */ = {isa = PBXFileReference; lastKnownFileType = folder.assetcatalog; path = Assets.xcassets; sourceTree = "<group>"; };
		C587E44C27F9AF1D002FD303 /* Preview Assets.xcassets */ = {isa = PBXFileReference; lastKnownFileType = folder.assetcatalog; path = "Preview Assets.xcassets"; sourceTree = "<group>"; };
		C587E45527F9B66F002FD303 /* Info.plist */ = {isa = PBXFileReference; lastKnownFileType = text.plist; path = Info.plist; sourceTree = "<group>"; };
/* End PBXFileReference section */

/* Begin PBXFrameworksBuildPhase section */
		C587E43F27F9AF1B002FD303 /* Frameworks */ = {
			isa = PBXFrameworksBuildPhase;
			buildActionMask = 2147483647;
			files = (
			);
			runOnlyForDeploymentPostprocessing = 0;
		};
/* End PBXFrameworksBuildPhase section */

/* Begin PBXGroup section */
		C5769D2327F9CC070085C12E /* Model */ = {
			isa = PBXGroup;
			children = (
				C5769D2427F9CC160085C12E /* HoneymoonModel.swift */,
			);
			path = Model;
			sourceTree = "<group>";
		};
		C5769D2627F9CC4F0085C12E /* Data */ = {
			isa = PBXGroup;
			children = (
				C5769D2727F9CC5B0085C12E /* HoneymoonData.swift */,
			);
			path = Data;
			sourceTree = "<group>";
		};
		C5769D2927F9CCAB0085C12E /* View */ = {
			isa = PBXGroup;
			children = (
				C587E44727F9AF1B002FD303 /* ContentView.swift */,
				C5769D2A27F9CCCE0085C12E /* CardView.swift */,
				C5769D2C27F9CFB90085C12E /* HeaderView.swift */,
				C5769D2E27F9D1690085C12E /* FooterView.swift */,
				C5769D3727F9D6670085C12E /* GuideView.swift */,
			);
			path = View;
			sourceTree = "<group>";
		};
		C5769D3227F9D3080085C12E /* Component */ = {
			isa = PBXGroup;
			children = (
				C5769D3327F9D31C0085C12E /* HeaderComponent.swift */,
				C5769D3527F9D3F10085C12E /* GuideComponent.swift */,
			);
			path = Component;
			sourceTree = "<group>";
		};
		C587E43927F9AF1B002FD303 = {
			isa = PBXGroup;
			children = (
				C587E44427F9AF1B002FD303 /* Honeymoon */,
				C587E44327F9AF1B002FD303 /* Products */,
			);
			sourceTree = "<group>";
		};
		C587E44327F9AF1B002FD303 /* Products */ = {
			isa = PBXGroup;
			children = (
				C587E44227F9AF1B002FD303 /* Honeymoon.app */,
			);
			name = Products;
			sourceTree = "<group>";
		};
		C587E44427F9AF1B002FD303 /* Honeymoon */ = {
			isa = PBXGroup;
			children = (
				C5769D3227F9D3080085C12E /* Component */,
				C5769D2927F9CCAB0085C12E /* View */,
				C5769D2627F9CC4F0085C12E /* Data */,
				C5769D2327F9CC070085C12E /* Model */,
				C5769D1F27F9B74A0085C12E /* LaunchScreen.storyboard */,
				C587E45527F9B66F002FD303 /* Info.plist */,
				C587E44527F9AF1B002FD303 /* HoneymoonApp.swift */,
				C587E44927F9AF1D002FD303 /* Assets.xcassets */,
				C5769D3027F9D2E70085C12E /* Sounds */,
				C587E44B27F9AF1D002FD303 /* Preview Content */,
			);
			path = Honeymoon;
			sourceTree = "<group>";
		};
		C587E44B27F9AF1D002FD303 /* Preview Content */ = {
			isa = PBXGroup;
			children = (
				C587E44C27F9AF1D002FD303 /* Preview Assets.xcassets */,
			);
			path = "Preview Content";
			sourceTree = "<group>";
		};
/* End PBXGroup section */

/* Begin PBXNativeTarget section */
		C587E44127F9AF1B002FD303 /* Honeymoon */ = {
			isa = PBXNativeTarget;
			buildConfigurationList = C587E45027F9AF1D002FD303 /* Build configuration list for PBXNativeTarget "Honeymoon" */;
			buildPhases = (
				C587E43E27F9AF1B002FD303 /* Sources */,
				C587E43F27F9AF1B002FD303 /* Frameworks */,
				C587E44027F9AF1B002FD303 /* Resources */,
			);
			buildRules = (
			);
			dependencies = (
			);
			name = Honeymoon;
			productName = Honeymoon;
			productReference = C587E44227F9AF1B002FD303 /* Honeymoon.app */;
			productType = "com.apple.product-type.application";
		};
/* End PBXNativeTarget section */

/* Begin PBXProject section */
		C587E43A27F9AF1B002FD303 /* Project object */ = {
			isa = PBXProject;
			attributes = {
				BuildIndependentTargetsInParallel = 1;
				LastSwiftUpdateCheck = 1320;
				LastUpgradeCheck = 1320;
				TargetAttributes = {
					C587E44127F9AF1B002FD303 = {
						CreatedOnToolsVersion = 13.2.1;
					};
				};
			};
			buildConfigurationList = C587E43D27F9AF1B002FD303 /* Build configuration list for PBXProject "Honeymoon" */;
			compatibilityVersion = "Xcode 13.0";
			developmentRegion = en;
			hasScannedForEncodings = 0;
			knownRegions = (
				en,
				Base,
			);
			mainGroup = C587E43927F9AF1B002FD303;
			productRefGroup = C587E44327F9AF1B002FD303 /* Products */;
			projectDirPath = "";
			projectRoot = "";
			targets = (
				C587E44127F9AF1B002FD303 /* Honeymoon */,
			);
		};
/* End PBXProject section */

/* Begin PBXResourcesBuildPhase section */
		C587E44027F9AF1B002FD303 /* Resources */ = {
			isa = PBXResourcesBuildPhase;
			buildActionMask = 2147483647;
			files = (
				C5769D2027F9B74A0085C12E /* LaunchScreen.storyboard in Resources */,
				C587E44D27F9AF1D002FD303 /* Preview Assets.xcassets in Resources */,
				C5769D3127F9D2E70085C12E /* Sounds in Resources */,
				C587E44A27F9AF1D002FD303 /* Assets.xcassets in Resources */,
			);
			runOnlyForDeploymentPostprocessing = 0;
		};
/* End PBXResourcesBuildPhase section */

/* Begin PBXSourcesBuildPhase section */
		C587E43E27F9AF1B002FD303 /* Sources */ = {
			isa = PBXSourcesBuildPhase;
			buildActionMask = 2147483647;
			files = (
				C5769D2827F9CC5B0085C12E /* HoneymoonData.swift in Sources */,
				C5769D2F27F9D1690085C12E /* FooterView.swift in Sources */,
				C5769D2D27F9CFBA0085C12E /* HeaderView.swift in Sources */,
				C5769D2527F9CC160085C12E /* HoneymoonModel.swift in Sources */,
				C5769D3427F9D31C0085C12E /* HeaderComponent.swift in Sources */,
				C587E44827F9AF1B002FD303 /* ContentView.swift in Sources */,
				C587E44627F9AF1B002FD303 /* HoneymoonApp.swift in Sources */,
				C5769D2B27F9CCCE0085C12E /* CardView.swift in Sources */,
				C5769D3627F9D3F10085C12E /* GuideComponent.swift in Sources */,
				C5769D3827F9D6670085C12E /* GuideView.swift in Sources */,
			);
			runOnlyForDeploymentPostprocessing = 0;
		};
/* End PBXSourcesBuildPhase section */

/* Begin XCBuildConfiguration section */
		C587E44E27F9AF1D002FD303 /* Debug */ = {
			isa = XCBuildConfiguration;
			buildSettings = {
				ALWAYS_SEARCH_USER_PATHS = NO;
				CLANG_ANALYZER_NONNULL = YES;
				CLANG_ANALYZER_NUMBER_OBJECT_CONVERSION = YES_AGGRESSIVE;
				CLANG_CXX_LANGUAGE_STANDARD = "gnu++17";
				CLANG_CXX_LIBRARY = "libc++";
				CLANG_ENABLE_MODULES = YES;
				CLANG_ENABLE_OBJC_ARC = YES;
				CLANG_ENABLE_OBJC_WEAK = YES;
				CLANG_WARN_BLOCK_CAPTURE_AUTORELEASING = YES;
				CLANG_WARN_BOOL_CONVERSION = YES;
				CLANG_WARN_COMMA = YES;
				CLANG_WARN_CONSTANT_CONVERSION = YES;
				CLANG_WARN_DEPRECATED_OBJC_IMPLEMENTATIONS = YES;
				CLANG_WARN_DIRECT_OBJC_ISA_USAGE = YES_ERROR;
				CLANG_WARN_DOCUMENTATION_COMMENTS = YES;
				CLANG_WARN_EMPTY_BODY = YES;
				CLANG_WARN_ENUM_CONVERSION = YES;
				CLANG_WARN_INFINITE_RECURSION = YES;
				CLANG_WARN_INT_CONVERSION = YES;
				CLANG_WARN_NON_LITERAL_NULL_CONVERSION = YES;
				CLANG_WARN_OBJC_IMPLICIT_RETAIN_SELF = YES;
				CLANG_WARN_OBJC_LITERAL_CONVERSION = YES;
				CLANG_WARN_OBJC_ROOT_CLASS = YES_ERROR;
				CLANG_WARN_QUOTED_INCLUDE_IN_FRAMEWORK_HEADER = YES;
				CLANG_WARN_RANGE_LOOP_ANALYSIS = YES;
				CLANG_WARN_STRICT_PROTOTYPES = YES;
				CLANG_WARN_SUSPICIOUS_MOVE = YES;
				CLANG_WARN_UNGUARDED_AVAILABILITY = YES_AGGRESSIVE;
				CLANG_WARN_UNREACHABLE_CODE = YES;
				CLANG_WARN__DUPLICATE_METHOD_MATCH = YES;
				COPY_PHASE_STRIP = NO;
				DEBUG_INFORMATION_FORMAT = dwarf;
				ENABLE_STRICT_OBJC_MSGSEND = YES;
				ENABLE_TESTABILITY = YES;
				GCC_C_LANGUAGE_STANDARD = gnu11;
				GCC_DYNAMIC_NO_PIC = NO;
				GCC_NO_COMMON_BLOCKS = YES;
				GCC_OPTIMIZATION_LEVEL = 0;
				GCC_PREPROCESSOR_DEFINITIONS = (
					"DEBUG=1",
					"$(inherited)",
				);
				GCC_WARN_64_TO_32_BIT_CONVERSION = YES;
				GCC_WARN_ABOUT_RETURN_TYPE = YES_ERROR;
				GCC_WARN_UNDECLARED_SELECTOR = YES;
				GCC_WARN_UNINITIALIZED_AUTOS = YES_AGGRESSIVE;
				GCC_WARN_UNUSED_FUNCTION = YES;
				GCC_WARN_UNUSED_VARIABLE = YES;
				IPHONEOS_DEPLOYMENT_TARGET = 15.2;
				MTL_ENABLE_DEBUG_INFO = INCLUDE_SOURCE;
				MTL_FAST_MATH = YES;
				ONLY_ACTIVE_ARCH = YES;
				SDKROOT = iphoneos;
				SWIFT_ACTIVE_COMPILATION_CONDITIONS = DEBUG;
				SWIFT_OPTIMIZATION_LEVEL = "-Onone";
			};
			name = Debug;
		};
		C587E44F27F9AF1D002FD303 /* Release */ = {
			isa = XCBuildConfiguration;
			buildSettings = {
				ALWAYS_SEARCH_USER_PATHS = NO;
				CLANG_ANALYZER_NONNULL = YES;
				CLANG_ANALYZER_NUMBER_OBJECT_CONVERSION = YES_AGGRESSIVE;
				CLANG_CXX_LANGUAGE_STANDARD = "gnu++17";
				CLANG_CXX_LIBRARY = "libc++";
				CLANG_ENABLE_MODULES = YES;
				CLANG_ENABLE_OBJC_ARC = YES;
				CLANG_ENABLE_OBJC_WEAK = YES;
				CLANG_WARN_BLOCK_CAPTURE_AUTORELEASING = YES;
				CLANG_WARN_BOOL_CONVERSION = YES;
				CLANG_WARN_COMMA = YES;
				CLANG_WARN_CONSTANT_CONVERSION = YES;
				CLANG_WARN_DEPRECATED_OBJC_IMPLEMENTATIONS = YES;
				CLANG_WARN_DIRECT_OBJC_ISA_USAGE = YES_ERROR;
				CLANG_WARN_DOCUMENTATION_COMMENTS = YES;
				CLANG_WARN_EMPTY_BODY = YES;
				CLANG_WARN_ENUM_CONVERSION = YES;
				CLANG_WARN_INFINITE_RECURSION = YES;
				CLANG_WARN_INT_CONVERSION = YES;
				CLANG_WARN_NON_LITERAL_NULL_CONVERSION = YES;
				CLANG_WARN_OBJC_IMPLICIT_RETAIN_SELF = YES;
				CLANG_WARN_OBJC_LITERAL_CONVERSION = YES;
				CLANG_WARN_OBJC_ROOT_CLASS = YES_ERROR;
				CLANG_WARN_QUOTED_INCLUDE_IN_FRAMEWORK_HEADER = YES;
				CLANG_WARN_RANGE_LOOP_ANALYSIS = YES;
				CLANG_WARN_STRICT_PROTOTYPES = YES;
				CLANG_WARN_SUSPICIOUS_MOVE = YES;
				CLANG_WARN_UNGUARDED_AVAILABILITY = YES_AGGRESSIVE;
				CLANG_WARN_UNREACHABLE_CODE = YES;
				CLANG_WARN__DUPLICATE_METHOD_MATCH = YES;
				COPY_PHASE_STRIP = NO;
				DEBUG_INFORMATION_FORMAT = "dwarf-with-dsym";
				ENABLE_NS_ASSERTIONS = NO;
				ENABLE_STRICT_OBJC_MSGSEND = YES;
				GCC_C_LANGUAGE_STANDARD = gnu11;
				GCC_NO_COMMON_BLOCKS = YES;
				GCC_WARN_64_TO_32_BIT_CONVERSION = YES;
				GCC_WARN_ABOUT_RETURN_TYPE = YES_ERROR;
				GCC_WARN_UNDECLARED_SELECTOR = YES;
				GCC_WARN_UNINITIALIZED_AUTOS = YES_AGGRESSIVE;
				GCC_WARN_UNUSED_FUNCTION = YES;
				GCC_WARN_UNUSED_VARIABLE = YES;
				IPHONEOS_DEPLOYMENT_TARGET = 15.2;
				MTL_ENABLE_DEBUG_INFO = NO;
				MTL_FAST_MATH = YES;
				SDKROOT = iphoneos;
				SWIFT_COMPILATION_MODE = wholemodule;
				SWIFT_OPTIMIZATION_LEVEL = "-O";
				VALIDATE_PRODUCT = YES;
			};
			name = Release;
		};
		C587E45127F9AF1D002FD303 /* Debug */ = {
			isa = XCBuildConfiguration;
			buildSettings = {
				ASSETCATALOG_COMPILER_APPICON_NAME = AppIcon;
				ASSETCATALOG_COMPILER_GLOBAL_ACCENT_COLOR_NAME = AccentColor;
				ASSETCATALOG_COMPILER_INCLUDE_ALL_APPICON_ASSETS = NO;
				CODE_SIGN_STYLE = Automatic;
				CURRENT_PROJECT_VERSION = 1;
				DEVELOPMENT_ASSET_PATHS = "\"Honeymoon/Preview Content\"";
				ENABLE_PREVIEWS = YES;
				GENERATE_INFOPLIST_FILE = YES;
				INFOPLIST_FILE = Honeymoon/Info.plist;
				INFOPLIST_KEY_UIApplicationSceneManifest_Generation = YES;
				INFOPLIST_KEY_UIApplicationSupportsIndirectInputEvents = YES;
				INFOPLIST_KEY_UILaunchStoryboardName = LaunchScreen;
				INFOPLIST_KEY_UISupportedInterfaceOrientations = UIInterfaceOrientationPortrait;
				INFOPLIST_KEY_UISupportedInterfaceOrientations_iPad = "UIInterfaceOrientationPortrait UIInterfaceOrientationPortraitUpsideDown UIInterfaceOrientationLandscapeLeft UIInterfaceOrientationLandscapeRight";
				INFOPLIST_KEY_UISupportedInterfaceOrientations_iPhone = "UIInterfaceOrientationPortrait UIInterfaceOrientationLandscapeLeft UIInterfaceOrientationLandscapeRight";
				LD_RUNPATH_SEARCH_PATHS = (
					"$(inherited)",
					"@executable_path/Frameworks",
				);
				MARKETING_VERSION = 1.0;
				PRODUCT_BUNDLE_IDENTIFIER = com.liemnh.Honeymoon;
				PRODUCT_NAME = "$(TARGET_NAME)";
				SWIFT_EMIT_LOC_STRINGS = YES;
				SWIFT_VERSION = 5.0;
				TARGETED_DEVICE_FAMILY = "1,2";
			};
			name = Debug;
		};
		C587E45227F9AF1D002FD303 /* Release */ = {
			isa = XCBuildConfiguration;
			buildSettings = {
				ASSETCATALOG_COMPILER_APPICON_NAME = AppIcon;
				ASSETCATALOG_COMPILER_GLOBAL_ACCENT_COLOR_NAME = AccentColor;
				ASSETCATALOG_COMPILER_INCLUDE_ALL_APPICON_ASSETS = NO;
				CODE_SIGN_STYLE = Automatic;
				CURRENT_PROJECT_VERSION = 1;
				DEVELOPMENT_ASSET_PATHS = "\"Honeymoon/Preview Content\"";
				ENABLE_PREVIEWS = YES;
				GENERATE_INFOPLIST_FILE = YES;
				INFOPLIST_FILE = Honeymoon/Info.plist;
				INFOPLIST_KEY_UIApplicationSceneManifest_Generation = YES;
				INFOPLIST_KEY_UIApplicationSupportsIndirectInputEvents = YES;
				INFOPLIST_KEY_UILaunchStoryboardName = LaunchScreen;
				INFOPLIST_KEY_UISupportedInterfaceOrientations = UIInterfaceOrientationPortrait;
				INFOPLIST_KEY_UISupportedInterfaceOrientations_iPad = "UIInterfaceOrientationPortrait UIInterfaceOrientationPortraitUpsideDown UIInterfaceOrientationLandscapeLeft UIInterfaceOrientationLandscapeRight";
				INFOPLIST_KEY_UISupportedInterfaceOrientations_iPhone = "UIInterfaceOrientationPortrait UIInterfaceOrientationLandscapeLeft UIInterfaceOrientationLandscapeRight";
				LD_RUNPATH_SEARCH_PATHS = (
					"$(inherited)",
					"@executable_path/Frameworks",
				);
				MARKETING_VERSION = 1.0;
				PRODUCT_BUNDLE_IDENTIFIER = com.liemnh.Honeymoon;
				PRODUCT_NAME = "$(TARGET_NAME)";
				SWIFT_EMIT_LOC_STRINGS = YES;
				SWIFT_VERSION = 5.0;
				TARGETED_DEVICE_FAMILY = "1,2";
			};
			name = Release;
		};
/* End XCBuildConfiguration section */

/* Begin XCConfigurationList section */
		C587E43D27F9AF1B002FD303 /* Build configuration list for PBXProject "Honeymoon" */ = {
			isa = XCConfigurationList;
			buildConfigurations = (
				C587E44E27F9AF1D002FD303 /* Debug */,
				C587E44F27F9AF1D002FD303 /* Release */,
			);
			defaultConfigurationIsVisible = 0;
			defaultConfigurationName = Release;
		};
		C587E45027F9AF1D002FD303 /* Build configuration list for PBXNativeTarget "Honeymoon" */ = {
			isa = XCConfigurationList;
			buildConfigurations = (
				C587E45127F9AF1D002FD303 /* Debug */,
				C587E45227F9AF1D002FD303 /* Release */,
			);
			defaultConfigurationIsVisible = 0;
			defaultConfigurationName = Release;
		};
/* End XCConfigurationList section */
	};
	rootObject = C587E43A27F9AF1B002FD303 /* Project object */;
}
